// !$*UTF8*$!
{
	archiveVersion = 1;
	classes = {
	};
	objectVersion = 46;
	objects = {

/* Begin PBXBuildFile section */
		002F39FA09D0881F00EBEB88 /* SDL.framework in Frameworks */ = {isa = PBXBuildFile; fileRef = 002F39F909D0881F00EBEB88 /* SDL.framework */; };
		002F3A0009D0884600EBEB88 /* SDL.framework in Copy Frameworks into .app bundle */ = {isa = PBXBuildFile; fileRef = 002F39F909D0881F00EBEB88 /* SDL.framework */; };
		002F3A2E09D0888800EBEB88 /* SDLMain.m in Sources */ = {isa = PBXBuildFile; fileRef = 002F3A2C09D0888800EBEB88 /* SDLMain.m */; };
		002F3A3F09D088BA00EBEB88 /* main.cpp in Sources */ = {isa = PBXBuildFile; fileRef = 002F3A3E09D088BA00EBEB88 /* main.cpp */; };
		47102774130DCC5B009C91B5 /* LoadingPlayer01.png in Resources */ = {isa = PBXBuildFile; fileRef = 47102773130DCC5B009C91B5 /* LoadingPlayer01.png */; };
		47102776130DCC9D009C91B5 /* Lucida.ttf in Resources */ = {isa = PBXBuildFile; fileRef = 47102775130DCC9D009C91B5 /* Lucida.ttf */; };
		4710278F130DD16E009C91B5 /* SDL_ttf.framework in Frameworks */ = {isa = PBXBuildFile; fileRef = 4710278E130DD16E009C91B5 /* SDL_ttf.framework */; };
		47102827130DDE15009C91B5 /* lazy.ttf in Resources */ = {isa = PBXBuildFile; fileRef = 47102826130DDE15009C91B5 /* lazy.ttf */; };
		472ECA57130A4A6900343CD9 /* SDL_image.framework in Frameworks */ = {isa = PBXBuildFile; fileRef = 472ECA56130A4A6900343CD9 /* SDL_image.framework */; };
		472ECAC3130A62E300343CD9 /* UIButton.cpp in Sources */ = {isa = PBXBuildFile; fileRef = 472ECAC2130A62E300343CD9 /* UIButton.cpp */; };
		472ECBEF130A8AB000343CD9 /* board.cpp in Sources */ = {isa = PBXBuildFile; fileRef = 472ECBEE130A8AB000343CD9 /* board.cpp */; };
		472ECCA8130B3FE800343CD9 /* ScreenStart01.png in Resources */ = {isa = PBXBuildFile; fileRef = 472ECCA7130B3FE800343CD9 /* ScreenStart01.png */; };
		472ECCBE130B42F200343CD9 /* startBuPcvPOver01.png in Resources */ = {isa = PBXBuildFile; fileRef = 472ECCBB130B42F200343CD9 /* startBuPcvPOver01.png */; };
		472ECCBF130B42F200343CD9 /* startBuPvPcOver01.png in Resources */ = {isa = PBXBuildFile; fileRef = 472ECCBC130B42F200343CD9 /* startBuPvPcOver01.png */; };
		472ECCC0130B42F200343CD9 /* startBuPvPOver01.png in Resources */ = {isa = PBXBuildFile; fileRef = 472ECCBD130B42F200343CD9 /* startBuPvPOver01.png */; };
		472ECCC2130B42FB00343CD9 /* SOExitOver01.png in Resources */ = {isa = PBXBuildFile; fileRef = 472ECCC1130B42FB00343CD9 /* SOExitOver01.png */; };
		472ECCDA130B62D500343CD9 /* optBu4.png in Resources */ = {isa = PBXBuildFile; fileRef = 472ECCD3130B62D500343CD9 /* optBu4.png */; };
		472ECCDB130B62D500343CD9 /* optBu5.png in Resources */ = {isa = PBXBuildFile; fileRef = 472ECCD4130B62D500343CD9 /* optBu5.png */; };
		472ECCDC130B62D500343CD9 /* optBu6.png in Resources */ = {isa = PBXBuildFile; fileRef = 472ECCD5130B62D500343CD9 /* optBu6.png */; };
		472ECCDD130B62D500343CD9 /* optBu7.png in Resources */ = {isa = PBXBuildFile; fileRef = 472ECCD6130B62D500343CD9 /* optBu7.png */; };
		472ECCDE130B62D500343CD9 /* optBu8.png in Resources */ = {isa = PBXBuildFile; fileRef = 472ECCD7130B62D500343CD9 /* optBu8.png */; };
		472ECCDF130B62D500343CD9 /* optBu9.png in Resources */ = {isa = PBXBuildFile; fileRef = 472ECCD8130B62D500343CD9 /* optBu9.png */; };
		472ECCE0130B62D500343CD9 /* optBu10.png in Resources */ = {isa = PBXBuildFile; fileRef = 472ECCD9130B62D500343CD9 /* optBu10.png */; };
		472ECCEB130B639F00343CD9 /* optBuPe0.png in Resources */ = {isa = PBXBuildFile; fileRef = 472ECCE1130B639F00343CD9 /* optBuPe0.png */; };
		472ECCEC130B639F00343CD9 /* optBuPe1.png in Resources */ = {isa = PBXBuildFile; fileRef = 472ECCE2130B639F00343CD9 /* optBuPe1.png */; };
		472ECCED130B639F00343CD9 /* optBuPe2.png in Resources */ = {isa = PBXBuildFile; fileRef = 472ECCE3130B639F00343CD9 /* optBuPe2.png */; };
		472ECCEE130B639F00343CD9 /* optBuPe3.png in Resources */ = {isa = PBXBuildFile; fileRef = 472ECCE4130B639F00343CD9 /* optBuPe3.png */; };
		472ECCEF130B639F00343CD9 /* optBuPe4.png in Resources */ = {isa = PBXBuildFile; fileRef = 472ECCE5130B639F00343CD9 /* optBuPe4.png */; };
		472ECCF0130B639F00343CD9 /* optBuPe5.png in Resources */ = {isa = PBXBuildFile; fileRef = 472ECCE6130B639F00343CD9 /* optBuPe5.png */; };
		472ECCF1130B639F00343CD9 /* optBuPe6.png in Resources */ = {isa = PBXBuildFile; fileRef = 472ECCE7130B639F00343CD9 /* optBuPe6.png */; };
		472ECCF2130B639F00343CD9 /* optBuPe7.png in Resources */ = {isa = PBXBuildFile; fileRef = 472ECCE8130B639F00343CD9 /* optBuPe7.png */; };
		472ECCF3130B639F00343CD9 /* optBuPe8.png in Resources */ = {isa = PBXBuildFile; fileRef = 472ECCE9130B639F00343CD9 /* optBuPe8.png */; };
		472ECCF4130B639F00343CD9 /* optBuPe9.png in Resources */ = {isa = PBXBuildFile; fileRef = 472ECCEA130B639F00343CD9 /* optBuPe9.png */; };
		472ECE1B130BBF9000343CD9 /* ScreenOptions01.bmp in Resources */ = {isa = PBXBuildFile; fileRef = 472ECE1A130BBF9000343CD9 /* ScreenOptions01.bmp */; };
		472ECE96130BC95E00343CD9 /* optBuQstart01.png in Resources */ = {isa = PBXBuildFile; fileRef = 472ECE95130BC95E00343CD9 /* optBuQstart01.png */; };
		472ECE9A130BC98300343CD9 /* optBuReturn01.png in Resources */ = {isa = PBXBuildFile; fileRef = 472ECE97130BC98300343CD9 /* optBuReturn01.png */; };
		472ECE9B130BC98300343CD9 /* optBuStartOv01.png in Resources */ = {isa = PBXBuildFile; fileRef = 472ECE98130BC98300343CD9 /* optBuStartOv01.png */; };
		472ECE9C130BC98300343CD9 /* optBuStartUn01.png in Resources */ = {isa = PBXBuildFile; fileRef = 472ECE99130BC98300343CD9 /* optBuStartUn01.png */; };
		472ECEEF130BD2BE00343CD9 /* ScreenPlay01.png in Resources */ = {isa = PBXBuildFile; fileRef = 472ECEEE130BD2BE00343CD9 /* ScreenPlay01.png */; };
		472ECF27130BDC3600343CD9 /* PExitOver01.png in Resources */ = {isa = PBXBuildFile; fileRef = 472ECF23130BDC3600343CD9 /* PExitOver01.png */; };
		472ECF28130BDC3600343CD9 /* plBuQuit01.png in Resources */ = {isa = PBXBuildFile; fileRef = 472ECF24130BDC3600343CD9 /* plBuQuit01.png */; };
		472ECF29130BDC3600343CD9 /* plBuSetOv01.png in Resources */ = {isa = PBXBuildFile; fileRef = 472ECF25130BDC3600343CD9 /* plBuSetOv01.png */; };
		472ECF2A130BDC3600343CD9 /* plBuSetUn01.png in Resources */ = {isa = PBXBuildFile; fileRef = 472ECF26130BDC3600343CD9 /* plBuSetUn01.png */; };
		472ED159130CB62F00343CD9 /* PegCourdinates.cpp in Sources */ = {isa = PBXBuildFile; fileRef = 472ED157130CB62F00343CD9 /* PegCourdinates.cpp */; };
		479D82A8130A38EA0025FA4D /* initialize.cpp in Sources */ = {isa = PBXBuildFile; fileRef = 479D82A7130A38EA0025FA4D /* initialize.cpp */; };
		47F65D00130CF87800457628 /* computer.cpp in Sources */ = {isa = PBXBuildFile; fileRef = 47F65CFE130CF87800457628 /* computer.cpp */; };
		47F65D33130CFF4C00457628 /* plPEEMPTpg01.png in Resources */ = {isa = PBXBuildFile; fileRef = 47F65D32130CFF4C00457628 /* plPEEMPTpg01.png */; };
		47F65D4F130D06DE00457628 /* plPG0Whit01.png in Resources */ = {isa = PBXBuildFile; fileRef = 47F65D45130D06DE00457628 /* plPG0Whit01.png */; };
		47F65D50130D06DE00457628 /* plPG1Red01.png in Resources */ = {isa = PBXBuildFile; fileRef = 47F65D46130D06DE00457628 /* plPG1Red01.png */; };
		47F65D51130D06DE00457628 /* plPG2Pink01.png in Resources */ = {isa = PBXBuildFile; fileRef = 47F65D47130D06DE00457628 /* plPG2Pink01.png */; };
		47F65D52130D06DE00457628 /* plPG3Blue01.png in Resources */ = {isa = PBXBuildFile; fileRef = 47F65D48130D06DE00457628 /* plPG3Blue01.png */; };
		47F65D53130D06DE00457628 /* plPG4Turquise01.png in Resources */ = {isa = PBXBuildFile; fileRef = 47F65D49130D06DE00457628 /* plPG4Turquise01.png */; };
		47F65D54130D06DE00457628 /* plPG5Aqua01.png in Resources */ = {isa = PBXBuildFile; fileRef = 47F65D4A130D06DE00457628 /* plPG5Aqua01.png */; };
		47F65D55130D06DE00457628 /* plPG6Green01.png in Resources */ = {isa = PBXBuildFile; fileRef = 47F65D4B130D06DE00457628 /* plPG6Green01.png */; };
		47F65D56130D06DE00457628 /* plPG7Yellow01.png in Resources */ = {isa = PBXBuildFile; fileRef = 47F65D4C130D06DE00457628 /* plPG7Yellow01.png */; };
		47F65D57130D06DE00457628 /* plPG8Orange01.png in Resources */ = {isa = PBXBuildFile; fileRef = 47F65D4D130D06DE00457628 /* plPG8Orange01.png */; };
		47F65D58130D06DE00457628 /* plPG9Black01.png in Resources */ = {isa = PBXBuildFile; fileRef = 47F65D4E130D06DE00457628 /* plPG9Black01.png */; };
		47F65D82130D0F1E00457628 /* UIBanggerButton.cpp in Sources */ = {isa = PBXBuildFile; fileRef = 47F65D81130D0F1E00457628 /* UIBanggerButton.cpp */; };
		8D11072B0486CEB800E47090 /* InfoPlist.strings in Resources */ = {isa = PBXBuildFile; fileRef = 089C165CFE840E0CC02AAC07 /* InfoPlist.strings */; };
		8D11072F0486CEB800E47090 /* Cocoa.framework in Frameworks */ = {isa = PBXBuildFile; fileRef = 1058C7A1FEA54F0111CA2CBB /* Cocoa.framework */; };
/* End PBXBuildFile section */

/* Begin PBXCopyFilesBuildPhase section */
		002F39FD09D0883400EBEB88 /* Copy Frameworks into .app bundle */ = {
			isa = PBXCopyFilesBuildPhase;
			buildActionMask = 2147483647;
			dstPath = "";
			dstSubfolderSpec = 10;
			files = (
				002F3A0009D0884600EBEB88 /* SDL.framework in Copy Frameworks into .app bundle */,
			);
			name = "Copy Frameworks into .app bundle";
			runOnlyForDeploymentPostprocessing = 0;
		};
/* End PBXCopyFilesBuildPhase section */

/* Begin PBXFileReference section */
		002F39F909D0881F00EBEB88 /* SDL.framework */ = {isa = PBXFileReference; lastKnownFileType = wrapper.framework; name = SDL.framework; path = /Library/Frameworks/SDL.framework; sourceTree = "<absolute>"; };
		002F3A2B09D0888800EBEB88 /* SDLMain.h */ = {isa = PBXFileReference; fileEncoding = 30; lastKnownFileType = sourcecode.c.h; path = SDLMain.h; sourceTree = SOURCE_ROOT; };
		002F3A2C09D0888800EBEB88 /* SDLMain.m */ = {isa = PBXFileReference; fileEncoding = 30; lastKnownFileType = sourcecode.c.objc; path = SDLMain.m; sourceTree = SOURCE_ROOT; };
		002F3A3E09D088BA00EBEB88 /* main.cpp */ = {isa = PBXFileReference; fileEncoding = 30; lastKnownFileType = sourcecode.cpp.cpp; path = main.cpp; sourceTree = "<group>"; };
		089C165DFE840E0CC02AAC07 /* English */ = {isa = PBXFileReference; fileEncoding = 10; lastKnownFileType = text.plist.strings; name = English; path = English.lproj/InfoPlist.strings; sourceTree = "<group>"; };
		1058C7A1FEA54F0111CA2CBB /* Cocoa.framework */ = {isa = PBXFileReference; lastKnownFileType = wrapper.framework; name = Cocoa.framework; path = /System/Library/Frameworks/Cocoa.framework; sourceTree = "<absolute>"; };
		29B97324FDCFA39411CA2CEA /* AppKit.framework */ = {isa = PBXFileReference; lastKnownFileType = wrapper.framework; name = AppKit.framework; path = /System/Library/Frameworks/AppKit.framework; sourceTree = "<absolute>"; };
		29B97325FDCFA39411CA2CEA /* Foundation.framework */ = {isa = PBXFileReference; lastKnownFileType = wrapper.framework; name = Foundation.framework; path = /System/Library/Frameworks/Foundation.framework; sourceTree = "<absolute>"; };
		32CA4F630368D1EE00C91783 /* UITest001_Prefix.pch */ = {isa = PBXFileReference; fileEncoding = 4; lastKnownFileType = sourcecode.c.h; path = UITest001_Prefix.pch; sourceTree = "<group>"; };
		47102773130DCC5B009C91B5 /* LoadingPlayer01.png */ = {isa = PBXFileReference; lastKnownFileType = image.png; path = LoadingPlayer01.png; sourceTree = "<group>"; };
		47102775130DCC9D009C91B5 /* Lucida.ttf */ = {isa = PBXFileReference; lastKnownFileType = file; path = Lucida.ttf; sourceTree = "<group>"; };
		4710278E130DD16E009C91B5 /* SDL_ttf.framework */ = {isa = PBXFileReference; lastKnownFileType = wrapper.framework; name = SDL_ttf.framework; path = Library/Frameworks/SDL_ttf.framework; sourceTree = SDKROOT; };
		47102826130DDE15009C91B5 /* lazy.ttf */ = {isa = PBXFileReference; lastKnownFileType = file; path = lazy.ttf; sourceTree = "<group>"; };
		472ECA56130A4A6900343CD9 /* SDL_image.framework */ = {isa = PBXFileReference; lastKnownFileType = wrapper.framework; name = SDL_image.framework; path = Library/Frameworks/SDL_image.framework; sourceTree = SDKROOT; };
		472ECAC1130A62E300343CD9 /* UIButton.h */ = {isa = PBXFileReference; fileEncoding = 4; lastKnownFileType = sourcecode.c.h; path = UIButton.h; sourceTree = "<group>"; };
		472ECAC2130A62E300343CD9 /* UIButton.cpp */ = {isa = PBXFileReference; fileEncoding = 4; lastKnownFileType = sourcecode.cpp.cpp; path = UIButton.cpp; sourceTree = "<group>"; };
		472ECBEE130A8AB000343CD9 /* board.cpp */ = {isa = PBXFileReference; fileEncoding = 4; lastKnownFileType = sourcecode.cpp.cpp; path = board.cpp; sourceTree = "<group>"; };
		472ECBF0130A8AB700343CD9 /* board.h */ = {isa = PBXFileReference; fileEncoding = 4; lastKnownFileType = sourcecode.c.h; path = board.h; sourceTree = "<group>"; };
		472ECCA7130B3FE800343CD9 /* ScreenStart01.png */ = {isa = PBXFileReference; lastKnownFileType = image.png; path = ScreenStart01.png; sourceTree = "<group>"; };
		472ECCBB130B42F200343CD9 /* startBuPcvPOver01.png */ = {isa = PBXFileReference; lastKnownFileType = image.png; path = startBuPcvPOver01.png; sourceTree = "<group>"; };
		472ECCBC130B42F200343CD9 /* startBuPvPcOver01.png */ = {isa = PBXFileReference; lastKnownFileType = image.png; path = startBuPvPcOver01.png; sourceTree = "<group>"; };
		472ECCBD130B42F200343CD9 /* startBuPvPOver01.png */ = {isa = PBXFileReference; lastKnownFileType = image.png; path = startBuPvPOver01.png; sourceTree = "<group>"; };
		472ECCC1130B42FB00343CD9 /* SOExitOver01.png */ = {isa = PBXFileReference; lastKnownFileType = image.png; path = SOExitOver01.png; sourceTree = "<group>"; };
		472ECCD3130B62D500343CD9 /* optBu4.png */ = {isa = PBXFileReference; lastKnownFileType = image.png; path = optBu4.png; sourceTree = "<group>"; };
		472ECCD4130B62D500343CD9 /* optBu5.png */ = {isa = PBXFileReference; lastKnownFileType = image.png; path = optBu5.png; sourceTree = "<group>"; };
		472ECCD5130B62D500343CD9 /* optBu6.png */ = {isa = PBXFileReference; lastKnownFileType = image.png; path = optBu6.png; sourceTree = "<group>"; };
		472ECCD6130B62D500343CD9 /* optBu7.png */ = {isa = PBXFileReference; lastKnownFileType = image.png; path = optBu7.png; sourceTree = "<group>"; };
		472ECCD7130B62D500343CD9 /* optBu8.png */ = {isa = PBXFileReference; lastKnownFileType = image.png; path = optBu8.png; sourceTree = "<group>"; };
		472ECCD8130B62D500343CD9 /* optBu9.png */ = {isa = PBXFileReference; lastKnownFileType = image.png; path = optBu9.png; sourceTree = "<group>"; };
		472ECCD9130B62D500343CD9 /* optBu10.png */ = {isa = PBXFileReference; lastKnownFileType = image.png; path = optBu10.png; sourceTree = "<group>"; };
		472ECCE1130B639F00343CD9 /* optBuPe0.png */ = {isa = PBXFileReference; lastKnownFileType = image.png; path = optBuPe0.png; sourceTree = "<group>"; };
		472ECCE2130B639F00343CD9 /* optBuPe1.png */ = {isa = PBXFileReference; lastKnownFileType = image.png; path = optBuPe1.png; sourceTree = "<group>"; };
		472ECCE3130B639F00343CD9 /* optBuPe2.png */ = {isa = PBXFileReference; lastKnownFileType = image.png; path = optBuPe2.png; sourceTree = "<group>"; };
		472ECCE4130B639F00343CD9 /* optBuPe3.png */ = {isa = PBXFileReference; lastKnownFileType = image.png; path = optBuPe3.png; sourceTree = "<group>"; };
		472ECCE5130B639F00343CD9 /* optBuPe4.png */ = {isa = PBXFileReference; lastKnownFileType = image.png; path = optBuPe4.png; sourceTree = "<group>"; };
		472ECCE6130B639F00343CD9 /* optBuPe5.png */ = {isa = PBXFileReference; lastKnownFileType = image.png; path = optBuPe5.png; sourceTree = "<group>"; };
		472ECCE7130B639F00343CD9 /* optBuPe6.png */ = {isa = PBXFileReference; lastKnownFileType = image.png; path = optBuPe6.png; sourceTree = "<group>"; };
		472ECCE8130B639F00343CD9 /* optBuPe7.png */ = {isa = PBXFileReference; lastKnownFileType = image.png; path = optBuPe7.png; sourceTree = "<group>"; };
		472ECCE9130B639F00343CD9 /* optBuPe8.png */ = {isa = PBXFileReference; lastKnownFileType = image.png; path = optBuPe8.png; sourceTree = "<group>"; };
		472ECCEA130B639F00343CD9 /* optBuPe9.png */ = {isa = PBXFileReference; lastKnownFileType = image.png; path = optBuPe9.png; sourceTree = "<group>"; };
		472ECE1A130BBF9000343CD9 /* ScreenOptions01.bmp */ = {isa = PBXFileReference; lastKnownFileType = image.bmp; path = ScreenOptions01.bmp; sourceTree = "<group>"; };
		472ECE95130BC95E00343CD9 /* optBuQstart01.png */ = {isa = PBXFileReference; lastKnownFileType = image.png; path = optBuQstart01.png; sourceTree = "<group>"; };
		472ECE97130BC98300343CD9 /* optBuReturn01.png */ = {isa = PBXFileReference; lastKnownFileType = image.png; path = optBuReturn01.png; sourceTree = "<group>"; };
		472ECE98130BC98300343CD9 /* optBuStartOv01.png */ = {isa = PBXFileReference; lastKnownFileType = image.png; path = optBuStartOv01.png; sourceTree = "<group>"; };
		472ECE99130BC98300343CD9 /* optBuStartUn01.png */ = {isa = PBXFileReference; lastKnownFileType = image.png; path = optBuStartUn01.png; sourceTree = "<group>"; };
		472ECEEE130BD2BE00343CD9 /* ScreenPlay01.png */ = {isa = PBXFileReference; lastKnownFileType = image.png; path = ScreenPlay01.png; sourceTree = "<group>"; };
		472ECF23130BDC3600343CD9 /* PExitOver01.png */ = {isa = PBXFileReference; lastKnownFileType = image.png; path = PExitOver01.png; sourceTree = "<group>"; };
		472ECF24130BDC3600343CD9 /* plBuQuit01.png */ = {isa = PBXFileReference; lastKnownFileType = image.png; path = plBuQuit01.png; sourceTree = "<group>"; };
		472ECF25130BDC3600343CD9 /* plBuSetOv01.png */ = {isa = PBXFileReference; lastKnownFileType = image.png; path = plBuSetOv01.png; sourceTree = "<group>"; };
		472ECF26130BDC3600343CD9 /* plBuSetUn01.png */ = {isa = PBXFileReference; lastKnownFileType = image.png; path = plBuSetUn01.png; sourceTree = "<group>"; };
		472ED157130CB62F00343CD9 /* PegCourdinates.cpp */ = {isa = PBXFileReference; fileEncoding = 4; lastKnownFileType = sourcecode.cpp.cpp; path = PegCourdinates.cpp; sourceTree = "<group>"; };
		472ED158130CB62F00343CD9 /* PegCourdinates.h */ = {isa = PBXFileReference; fileEncoding = 4; lastKnownFileType = sourcecode.c.h; path = PegCourdinates.h; sourceTree = "<group>"; };
		479D82A6130A38EA0025FA4D /* initialize.h */ = {isa = PBXFileReference; fileEncoding = 4; lastKnownFileType = sourcecode.c.h; path = initialize.h; sourceTree = "<group>"; };
		479D82A7130A38EA0025FA4D /* initialize.cpp */ = {isa = PBXFileReference; fileEncoding = 4; lastKnownFileType = sourcecode.cpp.cpp; path = initialize.cpp; sourceTree = "<group>"; };
		47F65CFE130CF87800457628 /* computer.cpp */ = {isa = PBXFileReference; fileEncoding = 4; lastKnownFileType = sourcecode.cpp.cpp; path = computer.cpp; sourceTree = "<group>"; };
		47F65CFF130CF87800457628 /* computer.h */ = {isa = PBXFileReference; fileEncoding = 4; lastKnownFileType = sourcecode.c.h; path = computer.h; sourceTree = "<group>"; };
		47F65D32130CFF4C00457628 /* plPEEMPTpg01.png */ = {isa = PBXFileReference; lastKnownFileType = image.png; path = plPEEMPTpg01.png; sourceTree = "<group>"; };
		47F65D45130D06DE00457628 /* plPG0Whit01.png */ = {isa = PBXFileReference; lastKnownFileType = image.png; path = plPG0Whit01.png; sourceTree = "<group>"; };
		47F65D46130D06DE00457628 /* plPG1Red01.png */ = {isa = PBXFileReference; lastKnownFileType = image.png; path = plPG1Red01.png; sourceTree = "<group>"; };
		47F65D47130D06DE00457628 /* plPG2Pink01.png */ = {isa = PBXFileReference; lastKnownFileType = image.png; path = plPG2Pink01.png; sourceTree = "<group>"; };
		47F65D48130D06DE00457628 /* plPG3Blue01.png */ = {isa = PBXFileReference; lastKnownFileType = image.png; path = plPG3Blue01.png; sourceTree = "<group>"; };
		47F65D49130D06DE00457628 /* plPG4Turquise01.png */ = {isa = PBXFileReference; lastKnownFileType = image.png; path = plPG4Turquise01.png; sourceTree = "<group>"; };
		47F65D4A130D06DE00457628 /* plPG5Aqua01.png */ = {isa = PBXFileReference; lastKnownFileType = image.png; path = plPG5Aqua01.png; sourceTree = "<group>"; };
		47F65D4B130D06DE00457628 /* plPG6Green01.png */ = {isa = PBXFileReference; lastKnownFileType = image.png; path = plPG6Green01.png; sourceTree = "<group>"; };
		47F65D4C130D06DE00457628 /* plPG7Yellow01.png */ = {isa = PBXFileReference; lastKnownFileType = image.png; path = plPG7Yellow01.png; sourceTree = "<group>"; };
		47F65D4D130D06DE00457628 /* plPG8Orange01.png */ = {isa = PBXFileReference; lastKnownFileType = image.png; path = plPG8Orange01.png; sourceTree = "<group>"; };
		47F65D4E130D06DE00457628 /* plPG9Black01.png */ = {isa = PBXFileReference; lastKnownFileType = image.png; path = plPG9Black01.png; sourceTree = "<group>"; };
		47F65D80130D0F1E00457628 /* UIBanggerButton.h */ = {isa = PBXFileReference; fileEncoding = 4; lastKnownFileType = sourcecode.c.h; path = UIBanggerButton.h; sourceTree = "<group>"; };
		47F65D81130D0F1E00457628 /* UIBanggerButton.cpp */ = {isa = PBXFileReference; fileEncoding = 4; lastKnownFileType = sourcecode.cpp.cpp; path = UIBanggerButton.cpp; sourceTree = "<group>"; };
		8D1107310486CEB800E47090 /* Info.plist */ = {isa = PBXFileReference; fileEncoding = 4; lastKnownFileType = text.plist; path = Info.plist; sourceTree = "<group>"; };
		8D1107320486CEB800E47090 /* UITest001.app */ = {isa = PBXFileReference; explicitFileType = wrapper.application; includeInIndex = 0; path = UITest001.app; sourceTree = BUILT_PRODUCTS_DIR; };
/* End PBXFileReference section */

/* Begin PBXFrameworksBuildPhase section */
		8D11072E0486CEB800E47090 /* Frameworks */ = {
			isa = PBXFrameworksBuildPhase;
			buildActionMask = 2147483647;
			files = (
				002F39FA09D0881F00EBEB88 /* SDL.framework in Frameworks */,
				8D11072F0486CEB800E47090 /* Cocoa.framework in Frameworks */,
				472ECA57130A4A6900343CD9 /* SDL_image.framework in Frameworks */,
				4710278F130DD16E009C91B5 /* SDL_ttf.framework in Frameworks */,
			);
			runOnlyForDeploymentPostprocessing = 0;
		};
/* End PBXFrameworksBuildPhase section */

/* Begin PBXGroup section */
		080E96DDFE201D6D7F000001 /* Classes */ = {
			isa = PBXGroup;
			children = (
				47F65CFE130CF87800457628 /* computer.cpp */,
				47F65CFF130CF87800457628 /* computer.h */,
				472ED157130CB62F00343CD9 /* PegCourdinates.cpp */,
				472ED158130CB62F00343CD9 /* PegCourdinates.h */,
				472ECBF0130A8AB700343CD9 /* board.h */,
				472ECBEE130A8AB000343CD9 /* board.cpp */,
				002F3A2B09D0888800EBEB88 /* SDLMain.h */,
				002F3A2C09D0888800EBEB88 /* SDLMain.m */,
				479D82A6130A38EA0025FA4D /* initialize.h */,
				479D82A7130A38EA0025FA4D /* initialize.cpp */,
				472ECAC1130A62E300343CD9 /* UIButton.h */,
				472ECAC2130A62E300343CD9 /* UIButton.cpp */,
				47F65D80130D0F1E00457628 /* UIBanggerButton.h */,
				47F65D81130D0F1E00457628 /* UIBanggerButton.cpp */,
			);
			name = Classes;
			sourceTree = "<group>";
		};
		1058C7A0FEA54F0111CA2CBB /* Linked Frameworks */ = {
			isa = PBXGroup;
			children = (
				002F39F909D0881F00EBEB88 /* SDL.framework */,
				1058C7A1FEA54F0111CA2CBB /* Cocoa.framework */,
				472ECA56130A4A6900343CD9 /* SDL_image.framework */,
				4710278E130DD16E009C91B5 /* SDL_ttf.framework */,
			);
			name = "Linked Frameworks";
			sourceTree = "<group>";
		};
		1058C7A2FEA54F0111CA2CBB /* Other Frameworks */ = {
			isa = PBXGroup;
			children = (
				29B97324FDCFA39411CA2CEA /* AppKit.framework */,
				29B97325FDCFA39411CA2CEA /* Foundation.framework */,
			);
			name = "Other Frameworks";
			sourceTree = "<group>";
		};
		19C28FACFE9D520D11CA2CBB /* Products */ = {
			isa = PBXGroup;
			children = (
				8D1107320486CEB800E47090 /* UITest001.app */,
			);
			name = Products;
			sourceTree = "<group>";
		};
		29B97314FDCFA39411CA2CEA /* UITest001 */ = {
			isa = PBXGroup;
			children = (
				080E96DDFE201D6D7F000001 /* Classes */,
				29B97315FDCFA39411CA2CEA /* Other Sources */,
				29B97317FDCFA39411CA2CEA /* Resources */,
				29B97323FDCFA39411CA2CEA /* Frameworks */,
				19C28FACFE9D520D11CA2CBB /* Products */,
			);
			name = UITest001;
			sourceTree = "<group>";
		};
		29B97315FDCFA39411CA2CEA /* Other Sources */ = {
			isa = PBXGroup;
			children = (
				32CA4F630368D1EE00C91783 /* UITest001_Prefix.pch */,
				002F3A3E09D088BA00EBEB88 /* main.cpp */,
			);
			name = "Other Sources";
			sourceTree = "<group>";
		};
		29B97317FDCFA39411CA2CEA /* Resources */ = {
			isa = PBXGroup;
			children = (
				47102826130DDE15009C91B5 /* lazy.ttf */,
				47102775130DCC9D009C91B5 /* Lucida.ttf */,
				47102773130DCC5B009C91B5 /* LoadingPlayer01.png */,
				47F65D45130D06DE00457628 /* plPG0Whit01.png */,
				47F65D46130D06DE00457628 /* plPG1Red01.png */,
				47F65D47130D06DE00457628 /* plPG2Pink01.png */,
				47F65D48130D06DE00457628 /* plPG3Blue01.png */,
				47F65D49130D06DE00457628 /* plPG4Turquise01.png */,
				47F65D4A130D06DE00457628 /* plPG5Aqua01.png */,
				47F65D4B130D06DE00457628 /* plPG6Green01.png */,
				47F65D4C130D06DE00457628 /* plPG7Yellow01.png */,
				47F65D4D130D06DE00457628 /* plPG8Orange01.png */,
				47F65D4E130D06DE00457628 /* plPG9Black01.png */,
				47F65D32130CFF4C00457628 /* plPEEMPTpg01.png */,
				472ECF23130BDC3600343CD9 /* PExitOver01.png */,
				472ECF24130BDC3600343CD9 /* plBuQuit01.png */,
				472ECF25130BDC3600343CD9 /* plBuSetOv01.png */,
				472ECF26130BDC3600343CD9 /* plBuSetUn01.png */,
				472ECEEE130BD2BE00343CD9 /* ScreenPlay01.png */,
				472ECE97130BC98300343CD9 /* optBuReturn01.png */,
				472ECE98130BC98300343CD9 /* optBuStartOv01.png */,
				472ECE99130BC98300343CD9 /* optBuStartUn01.png */,
				472ECE95130BC95E00343CD9 /* optBuQstart01.png */,
				472ECCE1130B639F00343CD9 /* optBuPe0.png */,
				472ECCE2130B639F00343CD9 /* optBuPe1.png */,
				472ECCE3130B639F00343CD9 /* optBuPe2.png */,
				472ECE1A130BBF9000343CD9 /* ScreenOptions01.bmp */,
				472ECCE4130B639F00343CD9 /* optBuPe3.png */,
				472ECCE5130B639F00343CD9 /* optBuPe4.png */,
				472ECCE6130B639F00343CD9 /* optBuPe5.png */,
				472ECCE7130B639F00343CD9 /* optBuPe6.png */,
				472ECCE8130B639F00343CD9 /* optBuPe7.png */,
				472ECCE9130B639F00343CD9 /* optBuPe8.png */,
				472ECCEA130B639F00343CD9 /* optBuPe9.png */,
				472ECCD3130B62D500343CD9 /* optBu4.png */,
				472ECCD4130B62D500343CD9 /* optBu5.png */,
				472ECCD5130B62D500343CD9 /* optBu6.png */,
				472ECCD6130B62D500343CD9 /* optBu7.png */,
				472ECCD7130B62D500343CD9 /* optBu8.png */,
				472ECCD8130B62D500343CD9 /* optBu9.png */,
				472ECCD9130B62D500343CD9 /* optBu10.png */,
				472ECCC1130B42FB00343CD9 /* SOExitOver01.png */,
				472ECCBB130B42F200343CD9 /* startBuPcvPOver01.png */,
				472ECCBC130B42F200343CD9 /* startBuPvPcOver01.png */,
				472ECCBD130B42F200343CD9 /* startBuPvPOver01.png */,
				472ECCA7130B3FE800343CD9 /* ScreenStart01.png */,
				8D1107310486CEB800E47090 /* Info.plist */,
				089C165CFE840E0CC02AAC07 /* InfoPlist.strings */,
			);
			name = Resources;
			sourceTree = "<group>";
		};
		29B97323FDCFA39411CA2CEA /* Frameworks */ = {
			isa = PBXGroup;
			children = (
				1058C7A0FEA54F0111CA2CBB /* Linked Frameworks */,
				1058C7A2FEA54F0111CA2CBB /* Other Frameworks */,
			);
			name = Frameworks;
			sourceTree = "<group>";
		};
/* End PBXGroup section */

/* Begin PBXNativeTarget section */
		8D1107260486CEB800E47090 /* UITest001 */ = {
			isa = PBXNativeTarget;
			buildConfigurationList = C01FCF4A08A954540054247B /* Build configuration list for PBXNativeTarget "UITest001" */;
			buildPhases = (
				8D1107290486CEB800E47090 /* Resources */,
				8D11072C0486CEB800E47090 /* Sources */,
				8D11072E0486CEB800E47090 /* Frameworks */,
				002F39FD09D0883400EBEB88 /* Copy Frameworks into .app bundle */,
			);
			buildRules = (
			);
			dependencies = (
			);
			name = UITest001;
			productInstallPath = "$(HOME)/Applications";
			productName = UITest001;
			productReference = 8D1107320486CEB800E47090 /* UITest001.app */;
			productType = "com.apple.product-type.application";
		};
/* End PBXNativeTarget section */

/* Begin PBXProject section */
		29B97313FDCFA39411CA2CEA /* Project object */ = {
			isa = PBXProject;
			buildConfigurationList = C01FCF4E08A954540054247B /* Build configuration list for PBXProject "UITest001" */;
			compatibilityVersion = "Xcode 3.2";
			developmentRegion = English;
			hasScannedForEncodings = 1;
			knownRegions = (
				English,
				Japanese,
				French,
				German,
			);
			mainGroup = 29B97314FDCFA39411CA2CEA /* UITest001 */;
			projectDirPath = "";
			projectRoot = "";
			targets = (
				8D1107260486CEB800E47090 /* UITest001 */,
			);
		};
/* End PBXProject section */

/* Begin PBXResourcesBuildPhase section */
		8D1107290486CEB800E47090 /* Resources */ = {
			isa = PBXResourcesBuildPhase;
			buildActionMask = 2147483647;
			files = (
				8D11072B0486CEB800E47090 /* InfoPlist.strings in Resources */,
				472ECCA8130B3FE800343CD9 /* ScreenStart01.png in Resources */,
				472ECCBE130B42F200343CD9 /* startBuPcvPOver01.png in Resources */,
				472ECCBF130B42F200343CD9 /* startBuPvPcOver01.png in Resources */,
				472ECCC0130B42F200343CD9 /* startBuPvPOver01.png in Resources */,
				472ECCC2130B42FB00343CD9 /* SOExitOver01.png in Resources */,
				472ECCDA130B62D500343CD9 /* optBu4.png in Resources */,
				472ECCDB130B62D500343CD9 /* optBu5.png in Resources */,
				472ECCDC130B62D500343CD9 /* optBu6.png in Resources */,
				472ECCDD130B62D500343CD9 /* optBu7.png in Resources */,
				472ECCDE130B62D500343CD9 /* optBu8.png in Resources */,
				472ECCDF130B62D500343CD9 /* optBu9.png in Resources */,
				472ECCE0130B62D500343CD9 /* optBu10.png in Resources */,
				472ECCEB130B639F00343CD9 /* optBuPe0.png in Resources */,
				472ECCEC130B639F00343CD9 /* optBuPe1.png in Resources */,
				472ECCED130B639F00343CD9 /* optBuPe2.png in Resources */,
				472ECCEE130B639F00343CD9 /* optBuPe3.png in Resources */,
				472ECCEF130B639F00343CD9 /* optBuPe4.png in Resources */,
				472ECCF0130B639F00343CD9 /* optBuPe5.png in Resources */,
				472ECCF1130B639F00343CD9 /* optBuPe6.png in Resources */,
				472ECCF2130B639F00343CD9 /* optBuPe7.png in Resources */,
				472ECCF3130B639F00343CD9 /* optBuPe8.png in Resources */,
				472ECCF4130B639F00343CD9 /* optBuPe9.png in Resources */,
				472ECE1B130BBF9000343CD9 /* ScreenOptions01.bmp in Resources */,
				472ECE96130BC95E00343CD9 /* optBuQstart01.png in Resources */,
				472ECE9A130BC98300343CD9 /* optBuReturn01.png in Resources */,
				472ECE9B130BC98300343CD9 /* optBuStartOv01.png in Resources */,
				472ECE9C130BC98300343CD9 /* optBuStartUn01.png in Resources */,
				472ECEEF130BD2BE00343CD9 /* ScreenPlay01.png in Resources */,
				472ECF27130BDC3600343CD9 /* PExitOver01.png in Resources */,
				472ECF28130BDC3600343CD9 /* plBuQuit01.png in Resources */,
				472ECF29130BDC3600343CD9 /* plBuSetOv01.png in Resources */,
				472ECF2A130BDC3600343CD9 /* plBuSetUn01.png in Resources */,
				47F65D33130CFF4C00457628 /* plPEEMPTpg01.png in Resources */,
				47F65D4F130D06DE00457628 /* plPG0Whit01.png in Resources */,
				47F65D50130D06DE00457628 /* plPG1Red01.png in Resources */,
				47F65D51130D06DE00457628 /* plPG2Pink01.png in Resources */,
				47F65D52130D06DE00457628 /* plPG3Blue01.png in Resources */,
				47F65D53130D06DE00457628 /* plPG4Turquise01.png in Resources */,
				47F65D54130D06DE00457628 /* plPG5Aqua01.png in Resources */,
				47F65D55130D06DE00457628 /* plPG6Green01.png in Resources */,
				47F65D56130D06DE00457628 /* plPG7Yellow01.png in Resources */,
				47F65D57130D06DE00457628 /* plPG8Orange01.png in Resources */,
				47F65D58130D06DE00457628 /* plPG9Black01.png in Resources */,
				47102774130DCC5B009C91B5 /* LoadingPlayer01.png in Resources */,
				47102776130DCC9D009C91B5 /* Lucida.ttf in Resources */,
				47102827130DDE15009C91B5 /* lazy.ttf in Resources */,
			);
			runOnlyForDeploymentPostprocessing = 0;
		};
/* End PBXResourcesBuildPhase section */

/* Begin PBXSourcesBuildPhase section */
		8D11072C0486CEB800E47090 /* Sources */ = {
			isa = PBXSourcesBuildPhase;
			buildActionMask = 2147483647;
			files = (
				002F3A2E09D0888800EBEB88 /* SDLMain.m in Sources */,
				002F3A3F09D088BA00EBEB88 /* main.cpp in Sources */,
				479D82A8130A38EA0025FA4D /* initialize.cpp in Sources */,
				472ECAC3130A62E300343CD9 /* UIButton.cpp in Sources */,
				472ECBEF130A8AB000343CD9 /* board.cpp in Sources */,
				472ED159130CB62F00343CD9 /* PegCourdinates.cpp in Sources */,
				47F65D00130CF87800457628 /* computer.cpp in Sources */,
				47F65D82130D0F1E00457628 /* UIBanggerButton.cpp in Sources */,
			);
			runOnlyForDeploymentPostprocessing = 0;
		};
/* End PBXSourcesBuildPhase section */

/* Begin PBXVariantGroup section */
		089C165CFE840E0CC02AAC07 /* InfoPlist.strings */ = {
			isa = PBXVariantGroup;
			children = (
				089C165DFE840E0CC02AAC07 /* English */,
			);
			name = InfoPlist.strings;
			sourceTree = "<group>";
		};
/* End PBXVariantGroup section */

/* Begin XCBuildConfiguration section */
		C01FCF4B08A954540054247B /* Debug */ = {
			isa = XCBuildConfiguration;
			buildSettings = {
				COPY_PHASE_STRIP = NO;
				GCC_DYNAMIC_NO_PIC = NO;
				GCC_ENABLE_FIX_AND_CONTINUE = YES;
				GCC_MODEL_TUNING = G5;
				GCC_OPTIMIZATION_LEVEL = 0;
				GCC_PRECOMPILE_PREFIX_HEADER = YES;
				GCC_PREFIX_HEADER = UITest001_Prefix.pch;
				INFOPLIST_FILE = Info.plist;
				INSTALL_PATH = "$(HOME)/Applications";
				PRODUCT_NAME = UITest001;
				WRAPPER_EXTENSION = app;
			};
			name = Debug;
		};
		C01FCF4C08A954540054247B /* Release */ = {
			isa = XCBuildConfiguration;
			buildSettings = {
				GCC_GENERATE_DEBUGGING_SYMBOLS = NO;
				GCC_MODEL_TUNING = G5;
				GCC_PRECOMPILE_PREFIX_HEADER = YES;
				GCC_PREFIX_HEADER = UITest001_Prefix.pch;
				INFOPLIST_FILE = Info.plist;
				INSTALL_PATH = "$(HOME)/Applications";
				PRODUCT_NAME = UITest001;
				WRAPPER_EXTENSION = app;
			};
			name = Release;
		};
		C01FCF4F08A954540054247B /* Debug */ = {
			isa = XCBuildConfiguration;
			buildSettings = {
				ARCHS = "$(ARCHS_STANDARD_32_64_BIT)";
				FRAMEWORK_SEARCH_PATHS = (
					"$(HOME)/Library/Frameworks",
					/Library/Frameworks,
					"$(FRAMEWORK_SEARCH_PATHS)",
				);
				GCC_VERSION = 4.0;
				"GCC_VERSION[arch=x86_64]" = 4.2;
				GCC_WARN_ABOUT_RETURN_TYPE = YES;
				GCC_WARN_UNUSED_VARIABLE = YES;
				HEADER_SEARCH_PATHS = (
					"$(HOME)/Library/Frameworks/SDL.framework/Headers",
					/Library/Frameworks/SDL.framework/Headers,
					"$(HEADER_SEARCH_PATHS)",
				);
				PREBINDING = NO;
				SDKROOT = macosx;
				"SDKROOT[arch=x86_64]" = macosx10.6;
			};
			name = Debug;
		};
		C01FCF5008A954540054247B /* Release */ = {
			isa = XCBuildConfiguration;
			buildSettings = {
				ARCHS = "$(ARCHS_STANDARD_32_64_BIT)";
				FRAMEWORK_SEARCH_PATHS = (
					"$(HOME)/Library/Frameworks",
					/Library/Frameworks,
					"$(FRAMEWORK_SEARCH_PATHS)",
				);
				GCC_VERSION = 4.0;
				"GCC_VERSION[arch=x86_64]" = 4.2;
				GCC_WARN_ABOUT_RETURN_TYPE = YES;
				GCC_WARN_UNUSED_VARIABLE = YES;
				HEADER_SEARCH_PATHS = (
					"$(HOME)/Library/Frameworks/SDL.framework/Headers",
					/Library/Frameworks/SDL.framework/Headers,
					"$(HEADER_SEARCH_PATHS)",
				);
				PREBINDING = NO;
				SDKROOT = macosx10.4;
				"SDKROOT[arch=x86_64]" = macosx10.6;
			};
			name = Release;
		};
/* End XCBuildConfiguration section */

/* Begin XCConfigurationList section */
		C01FCF4A08A954540054247B /* Build configuration list for PBXNativeTarget "UITest001" */ = {
			isa = XCConfigurationList;
			buildConfigurations = (
				C01FCF4B08A954540054247B /* Debug */,
				C01FCF4C08A954540054247B /* Release */,
			);
			defaultConfigurationIsVisible = 0;
			defaultConfigurationName = Release;
		};
		C01FCF4E08A954540054247B /* Build configuration list for PBXProject "UITest001" */ = {
			isa = XCConfigurationList;
			buildConfigurations = (
				C01FCF4F08A954540054247B /* Debug */,
				C01FCF5008A954540054247B /* Release */,
			);
			defaultConfigurationIsVisible = 0;
			defaultConfigurationName = Release;
		};
/* End XCConfigurationList section */
	};
	rootObject = 29B97313FDCFA39411CA2CEA /* Project object */;
}
